
Microsoft Visual Studio Solution File, Format Version 12.00
# Visual Studio 15
VisualStudioVersion = 15.0.28307.705
MinimumVisualStudioVersion = 10.0.40219.1
Project("{FAE04EC0-301F-11D3-BF4B-00C04F79EFBC}") = "AumentoDeSalario", "AumentoDeSalario\AumentoDeSalario.csproj", "{B5FD937B-1114-4D7C-92C2-939A6B424014}"
EndProject
Global
	GlobalSection(SolutionConfigurationPlatforms) = preSolution
		Debug|Any CPU = Debug|Any CPU
		Release|Any CPU = Release|Any CPU
	EndGlobalSection
	GlobalSection(ProjectConfigurationPlatforms) = postSolution
		{B5FD937B-1114-4D7C-92C2-939A6B424014}.Debug|Any CPU.ActiveCfg = Debug|Any CPU
		{B5FD937B-1114-4D7C-92C2-939A6B424014}.Debug|Any CPU.Build.0 = Debug|Any CPU
		{B5FD937B-1114-4D7C-92C2-939A6B424014}.Release|Any CPU.ActiveCfg = Release|Any CPU
		{B5FD937B-1114-4D7C-92C2-939A6B424014}.Release|Any CPU.Build.0 = Release|Any CPU
	EndGlobalSection
	GlobalSection(SolutionProperties) = preSolution
		HideSolutionNode = FALSE
	EndGlobalSection
	GlobalSection(ExtensibilityGlobals) = postSolution
		SolutionGuid = {0A7FF6A8-E905-42B7-A234-917633DDDD4F}
	EndGlobalSection
EndGlobal
